github.com/erigontech/mdbx-go v0.38.4 h1:S9T7mTe9KPcFe4dOoOtVdI6gPzht9y7wMnYfUBgrQLo=
github.com/erigontech/mdbx-go v0.38.4/go.mod h1:IcOLQDPw3VM/asP6T5JVPPN4FHHgJtY16XfYjzWKVNI=
github.com/ianlancetaylor/cgosymbolizer v0.0.0-20240503222823-736c933a666d h1:Azx2B59D4+zpVVtuYb8Oe3uOLi/ift4xfwKdhBX0Cy0=
github.com/ianlancetaylor/cgosymbolizer v0.0.0-20240503222823-736c933a666d/go.mod h1:DvXTE/K/RtHehxU8/GtDs4vFtfw64jJ3PaCnFri8CRg=
github.com/pkg/errors v0.9.1 h1:FEBLx1zS214owpjy7qsBeixbURkuhQAwrK5UwLGTwt4=
github.com/pkg/errors v0.9.1/go.mod h1:bwawxfHBFNV+L2hUp1rHADufV3IMtnDRdf1r5NINEl0=
